{
  "name": "brainfuct-ai",
  "version": "1.0.0",
  "lockfileVersion": 3,
  "requires": true,
  "packages": {
    "": {
      "name": "brainfuct-ai",
      "version": "1.0.0",
      "license": "MIT",
      "dependencies": {
        "bitfabric": "file:../NPM/bitfabric"
      }
    },
    "../NPM/bitfabric": {
      "version": "0.1.0",
      "dependencies": {
        "gun": "^0.2020.1235",
        "nostr-tools": "^2.7.0",
        "unsea": "^1.1.2"
      },
      "devDependencies": {
        "esbuild": "^0.20.2"
      },
      "engines": {
        "node": ">=18.0.0"
      }
    },
    "node_modules/bitfabric": {
      "resolved": "../NPM/bitfabric",
      "link": true
    }
  }
}
